
Microsoft Visual Studio Solution File, Format Version 12.00
# Visual Studio Version 17
VisualStudioVersion = 17.6.33815.320
MinimumVisualStudioVersion = 10.0.40219.1
Project("{8BC9CEB8-8B4A-11D0-8D11-00A0C91BC942}") = "Input", "Source\Engine\Input\Input.vcxproj", "{77AD2474-431C-4EAA-9CA4-E8FFEFBC9678}"
EndProject
Project("{8BC9CEB8-8B4A-11D0-8D11-00A0C91BC942}") = "Renderer", "Source\Engine\Renderer\Renderer.vcxproj", "{E5039500-2B93-4EEA-A2F6-0B05989484DF}"
EndProject
Project("{2150E333-8FDC-42A3-9474-1A3956D46DE8}") = "Engine", "Engine", "{DC63CEA5-7543-42F3-A434-97BCEE1116C1}"
EndProject
Project("{2150E333-8FDC-42A3-9474-1A3956D46DE8}") = "Game", "Game", "{9AFAB97F-86C3-465B-BB5B-6F3A47ACED16}"
EndProject
Project("{8BC9CEB8-8B4A-11D0-8D11-00A0C91BC942}") = "Game", "Source\Game\Game\Game.vcxproj", "{263A328F-E0A4-428A-BB57-8EFDE6EE00B0}"
EndProject
Project("{8BC9CEB8-8B4A-11D0-8D11-00A0C91BC942}") = "Audio", "Source\Engine\Audio\Audio.vcxproj", "{4DDA08F1-F4FA-4295-A345-158DB96E9E92}"
EndProject
Project("{8BC9CEB8-8B4A-11D0-8D11-00A0C91BC942}") = "Core", "Source\Engine\Core\Core.vcxproj", "{2E09A753-3084-4C98-A6B2-EAB18911A2F7}"
EndProject
Project("{8BC9CEB8-8B4A-11D0-8D11-00A0C91BC942}") = "Framework", "Source\Engine\Framework\Framework.vcxproj", "{98C99051-40A9-4EA0-8CD6-B039A1A45F7E}"
EndProject
Project("{8BC9CEB8-8B4A-11D0-8D11-00A0C91BC942}") = "Physics", "Source\Engine\Physics\Physics.vcxproj", "{517737D3-991A-4697-BCB7-505DCF0B7EE2}"
EndProject
Project("{8BC9CEB8-8B4A-11D0-8D11-00A0C91BC942}") = "Platformer", "Source\Game\Platformer\Platformer.vcxproj", "{BCCB7686-11F9-4D5B-BB7D-220DEBC3C5E7}"
EndProject
Global
	GlobalSection(SolutionConfigurationPlatforms) = preSolution
		Debug|x64 = Debug|x64
		Debug|x86 = Debug|x86
		Release|x64 = Release|x64
		Release|x86 = Release|x86
	EndGlobalSection
	GlobalSection(ProjectConfigurationPlatforms) = postSolution
		{77AD2474-431C-4EAA-9CA4-E8FFEFBC9678}.Debug|x64.ActiveCfg = Debug|x64
		{77AD2474-431C-4EAA-9CA4-E8FFEFBC9678}.Debug|x64.Build.0 = Debug|x64
		{77AD2474-431C-4EAA-9CA4-E8FFEFBC9678}.Debug|x86.ActiveCfg = Debug|Win32
		{77AD2474-431C-4EAA-9CA4-E8FFEFBC9678}.Debug|x86.Build.0 = Debug|Win32
		{77AD2474-431C-4EAA-9CA4-E8FFEFBC9678}.Release|x64.ActiveCfg = Release|x64
		{77AD2474-431C-4EAA-9CA4-E8FFEFBC9678}.Release|x64.Build.0 = Release|x64
		{77AD2474-431C-4EAA-9CA4-E8FFEFBC9678}.Release|x86.ActiveCfg = Release|Win32
		{77AD2474-431C-4EAA-9CA4-E8FFEFBC9678}.Release|x86.Build.0 = Release|Win32
		{E5039500-2B93-4EEA-A2F6-0B05989484DF}.Debug|x64.ActiveCfg = Debug|x64
		{E5039500-2B93-4EEA-A2F6-0B05989484DF}.Debug|x64.Build.0 = Debug|x64
		{E5039500-2B93-4EEA-A2F6-0B05989484DF}.Debug|x86.ActiveCfg = Debug|Win32
		{E5039500-2B93-4EEA-A2F6-0B05989484DF}.Debug|x86.Build.0 = Debug|Win32
		{E5039500-2B93-4EEA-A2F6-0B05989484DF}.Release|x64.ActiveCfg = Release|x64
		{E5039500-2B93-4EEA-A2F6-0B05989484DF}.Release|x64.Build.0 = Release|x64
		{E5039500-2B93-4EEA-A2F6-0B05989484DF}.Release|x86.ActiveCfg = Release|Win32
		{E5039500-2B93-4EEA-A2F6-0B05989484DF}.Release|x86.Build.0 = Release|Win32
		{263A328F-E0A4-428A-BB57-8EFDE6EE00B0}.Debug|x64.ActiveCfg = Debug|x64
		{263A328F-E0A4-428A-BB57-8EFDE6EE00B0}.Debug|x64.Build.0 = Debug|x64
		{263A328F-E0A4-428A-BB57-8EFDE6EE00B0}.Debug|x86.ActiveCfg = Debug|Win32
		{263A328F-E0A4-428A-BB57-8EFDE6EE00B0}.Debug|x86.Build.0 = Debug|Win32
		{263A328F-E0A4-428A-BB57-8EFDE6EE00B0}.Release|x64.ActiveCfg = Release|x64
		{263A328F-E0A4-428A-BB57-8EFDE6EE00B0}.Release|x64.Build.0 = Release|x64
		{263A328F-E0A4-428A-BB57-8EFDE6EE00B0}.Release|x86.ActiveCfg = Release|Win32
		{263A328F-E0A4-428A-BB57-8EFDE6EE00B0}.Release|x86.Build.0 = Release|Win32
		{4DDA08F1-F4FA-4295-A345-158DB96E9E92}.Debug|x64.ActiveCfg = Debug|x64
		{4DDA08F1-F4FA-4295-A345-158DB96E9E92}.Debug|x64.Build.0 = Debug|x64
		{4DDA08F1-F4FA-4295-A345-158DB96E9E92}.Debug|x86.ActiveCfg = Debug|Win32
		{4DDA08F1-F4FA-4295-A345-158DB96E9E92}.Debug|x86.Build.0 = Debug|Win32
		{4DDA08F1-F4FA-4295-A345-158DB96E9E92}.Release|x64.ActiveCfg = Release|x64
		{4DDA08F1-F4FA-4295-A345-158DB96E9E92}.Release|x64.Build.0 = Release|x64
		{4DDA08F1-F4FA-4295-A345-158DB96E9E92}.Release|x86.ActiveCfg = Release|Win32
		{4DDA08F1-F4FA-4295-A345-158DB96E9E92}.Release|x86.Build.0 = Release|Win32
		{2E09A753-3084-4C98-A6B2-EAB18911A2F7}.Debug|x64.ActiveCfg = Debug|x64
		{2E09A753-3084-4C98-A6B2-EAB18911A2F7}.Debug|x64.Build.0 = Debug|x64
		{2E09A753-3084-4C98-A6B2-EAB18911A2F7}.Debug|x86.ActiveCfg = Debug|Win32
		{2E09A753-3084-4C98-A6B2-EAB18911A2F7}.Debug|x86.Build.0 = Debug|Win32
		{2E09A753-3084-4C98-A6B2-EAB18911A2F7}.Release|x64.ActiveCfg = Release|x64
		{2E09A753-3084-4C98-A6B2-EAB18911A2F7}.Release|x64.Build.0 = Release|x64
		{2E09A753-3084-4C98-A6B2-EAB18911A2F7}.Release|x86.ActiveCfg = Release|Win32
		{2E09A753-3084-4C98-A6B2-EAB18911A2F7}.Release|x86.Build.0 = Release|Win32
		{98C99051-40A9-4EA0-8CD6-B039A1A45F7E}.Debug|x64.ActiveCfg = Debug|x64
		{98C99051-40A9-4EA0-8CD6-B039A1A45F7E}.Debug|x64.Build.0 = Debug|x64
		{98C99051-40A9-4EA0-8CD6-B039A1A45F7E}.Debug|x86.ActiveCfg = Debug|Win32
		{98C99051-40A9-4EA0-8CD6-B039A1A45F7E}.Debug|x86.Build.0 = Debug|Win32
		{98C99051-40A9-4EA0-8CD6-B039A1A45F7E}.Release|x64.ActiveCfg = Release|x64
		{98C99051-40A9-4EA0-8CD6-B039A1A45F7E}.Release|x64.Build.0 = Release|x64
		{98C99051-40A9-4EA0-8CD6-B039A1A45F7E}.Release|x86.ActiveCfg = Release|Win32
		{98C99051-40A9-4EA0-8CD6-B039A1A45F7E}.Release|x86.Build.0 = Release|Win32
		{517737D3-991A-4697-BCB7-505DCF0B7EE2}.Debug|x64.ActiveCfg = Debug|x64
		{517737D3-991A-4697-BCB7-505DCF0B7EE2}.Debug|x64.Build.0 = Debug|x64
		{517737D3-991A-4697-BCB7-505DCF0B7EE2}.Debug|x86.ActiveCfg = Debug|Win32
		{517737D3-991A-4697-BCB7-505DCF0B7EE2}.Debug|x86.Build.0 = Debug|Win32
		{517737D3-991A-4697-BCB7-505DCF0B7EE2}.Release|x64.ActiveCfg = Release|x64
		{517737D3-991A-4697-BCB7-505DCF0B7EE2}.Release|x64.Build.0 = Release|x64
		{517737D3-991A-4697-BCB7-505DCF0B7EE2}.Release|x86.ActiveCfg = Release|Win32
		{517737D3-991A-4697-BCB7-505DCF0B7EE2}.Release|x86.Build.0 = Release|Win32
		{BCCB7686-11F9-4D5B-BB7D-220DEBC3C5E7}.Debug|x64.ActiveCfg = Debug|x64
		{BCCB7686-11F9-4D5B-BB7D-220DEBC3C5E7}.Debug|x64.Build.0 = Debug|x64
		{BCCB7686-11F9-4D5B-BB7D-220DEBC3C5E7}.Debug|x86.ActiveCfg = Debug|Win32
		{BCCB7686-11F9-4D5B-BB7D-220DEBC3C5E7}.Debug|x86.Build.0 = Debug|Win32
		{BCCB7686-11F9-4D5B-BB7D-220DEBC3C5E7}.Release|x64.ActiveCfg = Release|x64
		{BCCB7686-11F9-4D5B-BB7D-220DEBC3C5E7}.Release|x64.Build.0 = Release|x64
		{BCCB7686-11F9-4D5B-BB7D-220DEBC3C5E7}.Release|x86.ActiveCfg = Release|Win32
		{BCCB7686-11F9-4D5B-BB7D-220DEBC3C5E7}.Release|x86.Build.0 = Release|Win32
	EndGlobalSection
	GlobalSection(SolutionProperties) = preSolution
		HideSolutionNode = FALSE
	EndGlobalSection
	GlobalSection(NestedProjects) = preSolution
		{77AD2474-431C-4EAA-9CA4-E8FFEFBC9678} = {DC63CEA5-7543-42F3-A434-97BCEE1116C1}
		{E5039500-2B93-4EEA-A2F6-0B05989484DF} = {DC63CEA5-7543-42F3-A434-97BCEE1116C1}
		{263A328F-E0A4-428A-BB57-8EFDE6EE00B0} = {9AFAB97F-86C3-465B-BB5B-6F3A47ACED16}
		{4DDA08F1-F4FA-4295-A345-158DB96E9E92} = {DC63CEA5-7543-42F3-A434-97BCEE1116C1}
		{2E09A753-3084-4C98-A6B2-EAB18911A2F7} = {DC63CEA5-7543-42F3-A434-97BCEE1116C1}
		{98C99051-40A9-4EA0-8CD6-B039A1A45F7E} = {DC63CEA5-7543-42F3-A434-97BCEE1116C1}
		{517737D3-991A-4697-BCB7-505DCF0B7EE2} = {DC63CEA5-7543-42F3-A434-97BCEE1116C1}
		{BCCB7686-11F9-4D5B-BB7D-220DEBC3C5E7} = {9AFAB97F-86C3-465B-BB5B-6F3A47ACED16}
	EndGlobalSection
	GlobalSection(ExtensibilityGlobals) = postSolution
		SolutionGuid = {78E11ADA-32F2-4D1B-B9ED-FC7E9EEEA3C8}
	EndGlobalSection
EndGlobal
