<?xml version="1.0" encoding="utf-8"?>
<Project ToolsVersion="4.0" xmlns="http://schemas.microsoft.com/developer/msbuild/2003">
  <ItemGroup>
    <Filter Include="Source">
      <UniqueIdentifier>{4FC737F1-C7A5-4376-A066-2A32D752A2FF}</UniqueIdentifier>
      <Extensions>cpp;c;cc;cxx;c++;cppm;ixx;def;odl;idl;hpj;bat;asm;asmx</Extensions>
    </Filter>
    <Filter Include="Source\Components">
      <UniqueIdentifier>{a6bd72f3-1193-459c-bb3b-d4b09e1a5dd3}</UniqueIdentifier>
    </Filter>
  </ItemGroup>
  <ItemGroup>
    <ClCompile Include="Actor.cpp">
      <Filter>Source</Filter>
    </ClCompile>
    <ClCompile Include="Scene.cpp">
      <Filter>Source</Filter>
    </ClCompile>
    <ClCompile Include="Emitter.cpp">
      <Filter>Source</Filter>
    </ClCompile>
    <ClCompile Include="ResourceManager.cpp">
      <Filter>Source</Filter>
    </ClCompile>
    <ClCompile Include="Components\SpriteComponent.cpp">
      <Filter>Source\Components</Filter>
    </ClCompile>
  </ItemGroup>
  <ItemGroup>
    <ClInclude Include="Actor.h">
      <Filter>Source</Filter>
    </ClInclude>
    <ClInclude Include="Scene.h">
      <Filter>Source</Filter>
    </ClInclude>
    <ClInclude Include="Game.h">
      <Filter>Source</Filter>
    </ClInclude>
    <ClInclude Include="EmitterData.h">
      <Filter>Source</Filter>
    </ClInclude>
    <ClInclude Include="Emitter.h">
      <Filter>Source</Filter>
    </ClInclude>
    <ClInclude Include="ResourceManager.h">
      <Filter>Source</Filter>
    </ClInclude>
    <ClInclude Include="Resource.h">
      <Filter>Source</Filter>
    </ClInclude>
    <ClInclude Include="Components\Component.h">
      <Filter>Source\Components</Filter>
    </ClInclude>
    <ClInclude Include="Components\RenderComponent.h">
      <Filter>Source\Components</Filter>
    </ClInclude>
    <ClInclude Include="Components\SpriteComponent.h">
      <Filter>Source\Components</Filter>
    </ClInclude>
  </ItemGroup>
</Project>